// !$*UTF8*$!
{
	archiveVersion = 1;
	classes = {
	};
	objectVersion = 50;
	objects = {

/* Begin PBXBuildFile section */
		C92B70422089458B003E4460 /* AppDelegate.swift in Sources */ = {isa = PBXBuildFile; fileRef = C92B70412089458B003E4460 /* AppDelegate.swift */; };
		C92B70442089458B003E4460 /* ViewController.swift in Sources */ = {isa = PBXBuildFile; fileRef = C92B70432089458B003E4460 /* ViewController.swift */; };
		C92B70472089458B003E4460 /* Main.storyboard in Resources */ = {isa = PBXBuildFile; fileRef = C92B70452089458B003E4460 /* Main.storyboard */; };
		C92B70492089458C003E4460 /* Assets.xcassets in Resources */ = {isa = PBXBuildFile; fileRef = C92B70482089458C003E4460 /* Assets.xcassets */; };
		C92B704C2089458C003E4460 /* LaunchScreen.storyboard in Resources */ = {isa = PBXBuildFile; fileRef = C92B704A2089458C003E4460 /* LaunchScreen.storyboard */; };
		C92B70572089458C003E4460 /* csci571hw9Tests.swift in Sources */ = {isa = PBXBuildFile; fileRef = C92B70562089458C003E4460 /* csci571hw9Tests.swift */; };
		C92B70622089458C003E4460 /* csci571hw9UITests.swift in Sources */ = {isa = PBXBuildFile; fileRef = C92B70612089458C003E4460 /* csci571hw9UITests.swift */; };
/* End PBXBuildFile section */

/* Begin PBXContainerItemProxy section */
		C92B70532089458C003E4460 /* PBXContainerItemProxy */ = {
			isa = PBXContainerItemProxy;
			containerPortal = C92B70362089458B003E4460 /* Project object */;
			proxyType = 1;
			remoteGlobalIDString = C92B703D2089458B003E4460;
			remoteInfo = csci571hw9;
		};
		C92B705E2089458C003E4460 /* PBXContainerItemProxy */ = {
			isa = PBXContainerItemProxy;
			containerPortal = C92B70362089458B003E4460 /* Project object */;
			proxyType = 1;
			remoteGlobalIDString = C92B703D2089458B003E4460;
			remoteInfo = csci571hw9;
		};
/* End PBXContainerItemProxy section */

/* Begin PBXFileReference section */
		C92B703E2089458B003E4460 /* csci571hw9.app */ = {isa = PBXFileReference; explicitFileType = wrapper.application; includeInIndex = 0; path = csci571hw9.app; sourceTree = BUILT_PRODUCTS_DIR; };
		C92B70412089458B003E4460 /* AppDelegate.swift */ = {isa = PBXFileReference; lastKnownFileType = sourcecode.swift; path = AppDelegate.swift; sourceTree = "<group>"; };
		C92B70432089458B003E4460 /* ViewController.swift */ = {isa = PBXFileReference; lastKnownFileType = sourcecode.swift; path = ViewController.swift; sourceTree = "<group>"; };
		C92B70462089458B003E4460 /* Base */ = {isa = PBXFileReference; lastKnownFileType = file.storyboard; name = Base; path = Base.lproj/Main.storyboard; sourceTree = "<group>"; };
		C92B70482089458C003E4460 /* Assets.xcassets */ = {isa = PBXFileReference; lastKnownFileType = folder.assetcatalog; path = Assets.xcassets; sourceTree = "<group>"; };
		C92B704B2089458C003E4460 /* Base */ = {isa = PBXFileReference; lastKnownFileType = file.storyboard; name = Base; path = Base.lproj/LaunchScreen.storyboard; sourceTree = "<group>"; };
		C92B704D2089458C003E4460 /* Info.plist */ = {isa = PBXFileReference; lastKnownFileType = text.plist.xml; path = Info.plist; sourceTree = "<group>"; };
		C92B70522089458C003E4460 /* csci571hw9Tests.xctest */ = {isa = PBXFileReference; explicitFileType = wrapper.cfbundle; includeInIndex = 0; path = csci571hw9Tests.xctest; sourceTree = BUILT_PRODUCTS_DIR; };
		C92B70562089458C003E4460 /* csci571hw9Tests.swift */ = {isa = PBXFileReference; lastKnownFileType = sourcecode.swift; path = csci571hw9Tests.swift; sourceTree = "<group>"; };
		C92B70582089458C003E4460 /* Info.plist */ = {isa = PBXFileReference; lastKnownFileType = text.plist.xml; path = Info.plist; sourceTree = "<group>"; };
		C92B705D2089458C003E4460 /* csci571hw9UITests.xctest */ = {isa = PBXFileReference; explicitFileType = wrapper.cfbundle; includeInIndex = 0; path = csci571hw9UITests.xctest; sourceTree = BUILT_PRODUCTS_DIR; };
		C92B70612089458C003E4460 /* csci571hw9UITests.swift */ = {isa = PBXFileReference; lastKnownFileType = sourcecode.swift; path = csci571hw9UITests.swift; sourceTree = "<group>"; };
		C92B70632089458C003E4460 /* Info.plist */ = {isa = PBXFileReference; lastKnownFileType = text.plist.xml; path = Info.plist; sourceTree = "<group>"; };
/* End PBXFileReference section */

/* Begin PBXFrameworksBuildPhase section */
		C92B703B2089458B003E4460 /* Frameworks */ = {
			isa = PBXFrameworksBuildPhase;
			buildActionMask = 2147483647;
			files = (
			);
			runOnlyForDeploymentPostprocessing = 0;
		};
		C92B704F2089458C003E4460 /* Frameworks */ = {
			isa = PBXFrameworksBuildPhase;
			buildActionMask = 2147483647;
			files = (
			);
			runOnlyForDeploymentPostprocessing = 0;
		};
		C92B705A2089458C003E4460 /* Frameworks */ = {
			isa = PBXFrameworksBuildPhase;
			buildActionMask = 2147483647;
			files = (
			);
			runOnlyForDeploymentPostprocessing = 0;
		};
/* End PBXFrameworksBuildPhase section */

/* Begin PBXGroup section */
		C92B70352089458B003E4460 = {
			isa = PBXGroup;
			children = (
				C92B70402089458B003E4460 /* csci571hw9 */,
				C92B70552089458C003E4460 /* csci571hw9Tests */,
				C92B70602089458C003E4460 /* csci571hw9UITests */,
				C92B703F2089458B003E4460 /* Products */,
			);
			sourceTree = "<group>";
		};
		C92B703F2089458B003E4460 /* Products */ = {
			isa = PBXGroup;
			children = (
				C92B703E2089458B003E4460 /* csci571hw9.app */,
				C92B70522089458C003E4460 /* csci571hw9Tests.xctest */,
				C92B705D2089458C003E4460 /* csci571hw9UITests.xctest */,
			);
			name = Products;
			sourceTree = "<group>";
		};
		C92B70402089458B003E4460 /* csci571hw9 */ = {
			isa = PBXGroup;
			children = (
				C92B70412089458B003E4460 /* AppDelegate.swift */,
				C92B70432089458B003E4460 /* ViewController.swift */,
				C92B70452089458B003E4460 /* Main.storyboard */,
				C92B70482089458C003E4460 /* Assets.xcassets */,
				C92B704A2089458C003E4460 /* LaunchScreen.storyboard */,
				C92B704D2089458C003E4460 /* Info.plist */,
			);
			path = csci571hw9;
			sourceTree = "<group>";
		};
		C92B70552089458C003E4460 /* csci571hw9Tests */ = {
			isa = PBXGroup;
			children = (
				C92B70562089458C003E4460 /* csci571hw9Tests.swift */,
				C92B70582089458C003E4460 /* Info.plist */,
			);
			path = csci571hw9Tests;
			sourceTree = "<group>";
		};
		C92B70602089458C003E4460 /* csci571hw9UITests */ = {
			isa = PBXGroup;
			children = (
				C92B70612089458C003E4460 /* csci571hw9UITests.swift */,
				C92B70632089458C003E4460 /* Info.plist */,
			);
			path = csci571hw9UITests;
			sourceTree = "<group>";
		};
/* End PBXGroup section */

/* Begin PBXNativeTarget section */
		C92B703D2089458B003E4460 /* csci571hw9 */ = {
			isa = PBXNativeTarget;
			buildConfigurationList = C92B70662089458C003E4460 /* Build configuration list for PBXNativeTarget "csci571hw9" */;
			buildPhases = (
				C92B703A2089458B003E4460 /* Sources */,
				C92B703B2089458B003E4460 /* Frameworks */,
				C92B703C2089458B003E4460 /* Resources */,
			);
			buildRules = (
			);
			dependencies = (
			);
			name = csci571hw9;
			productName = csci571hw9;
			productReference = C92B703E2089458B003E4460 /* csci571hw9.app */;
			productType = "com.apple.product-type.application";
		};
		C92B70512089458C003E4460 /* csci571hw9Tests */ = {
			isa = PBXNativeTarget;
			buildConfigurationList = C92B70692089458C003E4460 /* Build configuration list for PBXNativeTarget "csci571hw9Tests" */;
			buildPhases = (
				C92B704E2089458C003E4460 /* Sources */,
				C92B704F2089458C003E4460 /* Frameworks */,
				C92B70502089458C003E4460 /* Resources */,
			);
			buildRules = (
			);
			dependencies = (
				C92B70542089458C003E4460 /* PBXTargetDependency */,
			);
			name = csci571hw9Tests;
			productName = csci571hw9Tests;
			productReference = C92B70522089458C003E4460 /* csci571hw9Tests.xctest */;
			productType = "com.apple.product-type.bundle.unit-test";
		};
		C92B705C2089458C003E4460 /* csci571hw9UITests */ = {
			isa = PBXNativeTarget;
			buildConfigurationList = C92B706C2089458C003E4460 /* Build configuration list for PBXNativeTarget "csci571hw9UITests" */;
			buildPhases = (
				C92B70592089458C003E4460 /* Sources */,
				C92B705A2089458C003E4460 /* Frameworks */,
				C92B705B2089458C003E4460 /* Resources */,
			);
			buildRules = (
			);
			dependencies = (
				C92B705F2089458C003E4460 /* PBXTargetDependency */,
			);
			name = csci571hw9UITests;
			productName = csci571hw9UITests;
			productReference = C92B705D2089458C003E4460 /* csci571hw9UITests.xctest */;
			productType = "com.apple.product-type.bundle.ui-testing";
		};
/* End PBXNativeTarget section */

/* Begin PBXProject section */
		C92B70362089458B003E4460 /* Project object */ = {
			isa = PBXProject;
			attributes = {
				LastSwiftUpdateCheck = 0930;
				LastUpgradeCheck = 0930;
				ORGANIZATIONNAME = "Hanshan Ye";
				TargetAttributes = {
					C92B703D2089458B003E4460 = {
						CreatedOnToolsVersion = 9.3;
					};
					C92B70512089458C003E4460 = {
						CreatedOnToolsVersion = 9.3;
						TestTargetID = C92B703D2089458B003E4460;
					};
					C92B705C2089458C003E4460 = {
						CreatedOnToolsVersion = 9.3;
						TestTargetID = C92B703D2089458B003E4460;
					};
				};
			};
			buildConfigurationList = C92B70392089458B003E4460 /* Build configuration list for PBXProject "csci571hw9" */;
			compatibilityVersion = "Xcode 9.3";
			developmentRegion = en;
			hasScannedForEncodings = 0;
			knownRegions = (
				en,
				Base,
			);
			mainGroup = C92B70352089458B003E4460;
			productRefGroup = C92B703F2089458B003E4460 /* Products */;
			projectDirPath = "";
			projectRoot = "";
			targets = (
				C92B703D2089458B003E4460 /* csci571hw9 */,
				C92B70512089458C003E4460 /* csci571hw9Tests */,
				C92B705C2089458C003E4460 /* csci571hw9UITests */,
			);
		};
/* End PBXProject section */

/* Begin PBXResourcesBuildPhase section */
		C92B703C2089458B003E4460 /* Resources */ = {
			isa = PBXResourcesBuildPhase;
			buildActionMask = 2147483647;
			files = (
				C92B704C2089458C003E4460 /* LaunchScreen.storyboard in Resources */,
				C92B70492089458C003E4460 /* Assets.xcassets in Resources */,
				C92B70472089458B003E4460 /* Main.storyboard in Resources */,
			);
			runOnlyForDeploymentPostprocessing = 0;
		};
		C92B70502089458C003E4460 /* Resources */ = {
			isa = PBXResourcesBuildPhase;
			buildActionMask = 2147483647;
			files = (
			);
			runOnlyForDeploymentPostprocessing = 0;
		};
		C92B705B2089458C003E4460 /* Resources */ = {
			isa = PBXResourcesBuildPhase;
			buildActionMask = 2147483647;
			files = (
			);
			runOnlyForDeploymentPostprocessing = 0;
		};
/* End PBXResourcesBuildPhase section */

/* Begin PBXSourcesBuildPhase section */
		C92B703A2089458B003E4460 /* Sources */ = {
			isa = PBXSourcesBuildPhase;
			buildActionMask = 2147483647;
			files = (
				C92B70442089458B003E4460 /* ViewController.swift in Sources */,
				C92B70422089458B003E4460 /* AppDelegate.swift in Sources */,
			);
			runOnlyForDeploymentPostprocessing = 0;
		};
		C92B704E2089458C003E4460 /* Sources */ = {
			isa = PBXSourcesBuildPhase;
			buildActionMask = 2147483647;
			files = (
				C92B70572089458C003E4460 /* csci571hw9Tests.swift in Sources */,
			);
			runOnlyForDeploymentPostprocessing = 0;
		};
		C92B70592089458C003E4460 /* Sources */ = {
			isa = PBXSourcesBuildPhase;
			buildActionMask = 2147483647;
			files = (
				C92B70622089458C003E4460 /* csci571hw9UITests.swift in Sources */,
			);
			runOnlyForDeploymentPostprocessing = 0;
		};
/* End PBXSourcesBuildPhase section */

/* Begin PBXTargetDependency section */
		C92B70542089458C003E4460 /* PBXTargetDependency */ = {
			isa = PBXTargetDependency;
			target = C92B703D2089458B003E4460 /* csci571hw9 */;
			targetProxy = C92B70532089458C003E4460 /* PBXContainerItemProxy */;
		};
		C92B705F2089458C003E4460 /* PBXTargetDependency */ = {
			isa = PBXTargetDependency;
			target = C92B703D2089458B003E4460 /* csci571hw9 */;
			targetProxy = C92B705E2089458C003E4460 /* PBXContainerItemProxy */;
		};
/* End PBXTargetDependency section */

/* Begin PBXVariantGroup section */
		C92B70452089458B003E4460 /* Main.storyboard */ = {
			isa = PBXVariantGroup;
			children = (
				C92B70462089458B003E4460 /* Base */,
			);
			name = Main.storyboard;
			sourceTree = "<group>";
		};
		C92B704A2089458C003E4460 /* LaunchScreen.storyboard */ = {
			isa = PBXVariantGroup;
			children = (
				C92B704B2089458C003E4460 /* Base */,
			);
			name = LaunchScreen.storyboard;
			sourceTree = "<group>";
		};
/* End PBXVariantGroup section */

/* Begin XCBuildConfiguration section */
		C92B70642089458C003E4460 /* Debug */ = {
			isa = XCBuildConfiguration;
			buildSettings = {
				ALWAYS_SEARCH_USER_PATHS = NO;
				CLANG_ANALYZER_NONNULL = YES;
				CLANG_ANALYZER_NUMBER_OBJECT_CONVERSION = YES_AGGRESSIVE;
				CLANG_CXX_LANGUAGE_STANDARD = "gnu++14";
				CLANG_CXX_LIBRARY = "libc++";
				CLANG_ENABLE_MODULES = YES;
				CLANG_ENABLE_OBJC_ARC = YES;
				CLANG_ENABLE_OBJC_WEAK = YES;
				CLANG_WARN_BLOCK_CAPTURE_AUTORELEASING = YES;
				CLANG_WARN_BOOL_CONVERSION = YES;
				CLANG_WARN_COMMA = YES;
				CLANG_WARN_CONSTANT_CONVERSION = YES;
				CLANG_WARN_DEPRECATED_OBJC_IMPLEMENTATIONS = YES;
				CLANG_WARN_DIRECT_OBJC_ISA_USAGE = YES_ERROR;
				CLANG_WARN_DOCUMENTATION_COMMENTS = YES;
				CLANG_WARN_EMPTY_BODY = YES;
				CLANG_WARN_ENUM_CONVERSION = YES;
				CLANG_WARN_INFINITE_RECURSION = YES;
				CLANG_WARN_INT_CONVERSION = YES;
				CLANG_WARN_NON_LITERAL_NULL_CONVERSION = YES;
				CLANG_WARN_OBJC_IMPLICIT_RETAIN_SELF = YES;
				CLANG_WARN_OBJC_LITERAL_CONVERSION = YES;
				CLANG_WARN_OBJC_ROOT_CLASS = YES_ERROR;
				CLANG_WARN_RANGE_LOOP_ANALYSIS = YES;
				CLANG_WARN_STRICT_PROTOTYPES = YES;
				CLANG_WARN_SUSPICIOUS_MOVE = YES;
				CLANG_WARN_UNGUARDED_AVAILABILITY = YES_AGGRESSIVE;
				CLANG_WARN_UNREACHABLE_CODE = YES;
				CLANG_WARN__DUPLICATE_METHOD_MATCH = YES;
				CODE_SIGN_IDENTITY = "iPhone Developer";
				COPY_PHASE_STRIP = NO;
				DEBUG_INFORMATION_FORMAT = dwarf;
				ENABLE_STRICT_OBJC_MSGSEND = YES;
				ENABLE_TESTABILITY = YES;
				GCC_C_LANGUAGE_STANDARD = gnu11;
				GCC_DYNAMIC_NO_PIC = NO;
				GCC_NO_COMMON_BLOCKS = YES;
				GCC_OPTIMIZATION_LEVEL = 0;
				GCC_PREPROCESSOR_DEFINITIONS = (
					"DEBUG=1",
					"$(inherited)",
				);
				GCC_WARN_64_TO_32_BIT_CONVERSION = YES;
				GCC_WARN_ABOUT_RETURN_TYPE = YES_ERROR;
				GCC_WARN_UNDECLARED_SELECTOR = YES;
				GCC_WARN_UNINITIALIZED_AUTOS = YES_AGGRESSIVE;
				GCC_WARN_UNUSED_FUNCTION = YES;
				GCC_WARN_UNUSED_VARIABLE = YES;
				IPHONEOS_DEPLOYMENT_TARGET = 11.3;
				MTL_ENABLE_DEBUG_INFO = YES;
				ONLY_ACTIVE_ARCH = YES;
				SDKROOT = iphoneos;
				SWIFT_ACTIVE_COMPILATION_CONDITIONS = DEBUG;
				SWIFT_OPTIMIZATION_LEVEL = "-Onone";
			};
			name = Debug;
		};
		C92B70652089458C003E4460 /* Release */ = {
			isa = XCBuildConfiguration;
			buildSettings = {
				ALWAYS_SEARCH_USER_PATHS = NO;
				CLANG_ANALYZER_NONNULL = YES;
				CLANG_ANALYZER_NUMBER_OBJECT_CONVERSION = YES_AGGRESSIVE;
				CLANG_CXX_LANGUAGE_STANDARD = "gnu++14";
				CLANG_CXX_LIBRARY = "libc++";
				CLANG_ENABLE_MODULES = YES;
				CLANG_ENABLE_OBJC_ARC = YES;
				CLANG_ENABLE_OBJC_WEAK = YES;
				CLANG_WARN_BLOCK_CAPTURE_AUTORELEASING = YES;
				CLANG_WARN_BOOL_CONVERSION = YES;
				CLANG_WARN_COMMA = YES;
				CLANG_WARN_CONSTANT_CONVERSION = YES;
				CLANG_WARN_DEPRECATED_OBJC_IMPLEMENTATIONS = YES;
				CLANG_WARN_DIRECT_OBJC_ISA_USAGE = YES_ERROR;
				CLANG_WARN_DOCUMENTATION_COMMENTS = YES;
				CLANG_WARN_EMPTY_BODY = YES;
				CLANG_WARN_ENUM_CONVERSION = YES;
				CLANG_WARN_INFINITE_RECURSION = YES;
				CLANG_WARN_INT_CONVERSION = YES;
				CLANG_WARN_NON_LITERAL_NULL_CONVERSION = YES;
				CLANG_WARN_OBJC_IMPLICIT_RETAIN_SELF = YES;
				CLANG_WARN_OBJC_LITERAL_CONVERSION = YES;
				CLANG_WARN_OBJC_ROOT_CLASS = YES_ERROR;
				CLANG_WARN_RANGE_LOOP_ANALYSIS = YES;
				CLANG_WARN_STRICT_PROTOTYPES = YES;
				CLANG_WARN_SUSPICIOUS_MOVE = YES;
				CLANG_WARN_UNGUARDED_AVAILABILITY = YES_AGGRESSIVE;
				CLANG_WARN_UNREACHABLE_CODE = YES;
				CLANG_WARN__DUPLICATE_METHOD_MATCH = YES;
				CODE_SIGN_IDENTITY = "iPhone Developer";
				COPY_PHASE_STRIP = NO;
				DEBUG_INFORMATION_FORMAT = "dwarf-with-dsym";
				ENABLE_NS_ASSERTIONS = NO;
				ENABLE_STRICT_OBJC_MSGSEND = YES;
				GCC_C_LANGUAGE_STANDARD = gnu11;
				GCC_NO_COMMON_BLOCKS = YES;
				GCC_WARN_64_TO_32_BIT_CONVERSION = YES;
				GCC_WARN_ABOUT_RETURN_TYPE = YES_ERROR;
				GCC_WARN_UNDECLARED_SELECTOR = YES;
				GCC_WARN_UNINITIALIZED_AUTOS = YES_AGGRESSIVE;
				GCC_WARN_UNUSED_FUNCTION = YES;
				GCC_WARN_UNUSED_VARIABLE = YES;
				IPHONEOS_DEPLOYMENT_TARGET = 11.3;
				MTL_ENABLE_DEBUG_INFO = NO;
				SDKROOT = iphoneos;
				SWIFT_COMPILATION_MODE = wholemodule;
				SWIFT_OPTIMIZATION_LEVEL = "-O";
				VALIDATE_PRODUCT = YES;
			};
			name = Release;
		};
		C92B70672089458C003E4460 /* Debug */ = {
			isa = XCBuildConfiguration;
			buildSettings = {
				ASSETCATALOG_COMPILER_APPICON_NAME = AppIcon;
				CODE_SIGN_STYLE = Automatic;
				DEVELOPMENT_TEAM = LA5VLKT3SM;
				INFOPLIST_FILE = csci571hw9/Info.plist;
				LD_RUNPATH_SEARCH_PATHS = (
					"$(inherited)",
					"@executable_path/Frameworks",
				);
				PRODUCT_BUNDLE_IDENTIFIER = com.hanshany.csci571hw9;
				PRODUCT_NAME = "$(TARGET_NAME)";
				SWIFT_VERSION = 4.0;
				TARGETED_DEVICE_FAMILY = "1,2";
			};
			name = Debug;
		};
		C92B70682089458C003E4460 /* Release */ = {
			isa = XCBuildConfiguration;
			buildSettings = {
				ASSETCATALOG_COMPILER_APPICON_NAME = AppIcon;
				CODE_SIGN_STYLE = Automatic;
				DEVELOPMENT_TEAM = LA5VLKT3SM;
				INFOPLIST_FILE = csci571hw9/Info.plist;
				LD_RUNPATH_SEARCH_PATHS = (
					"$(inherited)",
					"@executable_path/Frameworks",
				);
				PRODUCT_BUNDLE_IDENTIFIER = com.hanshany.csci571hw9;
				PRODUCT_NAME = "$(TARGET_NAME)";
				SWIFT_VERSION = 4.0;
				TARGETED_DEVICE_FAMILY = "1,2";
			};
			name = Release;
		};
		C92B706A2089458C003E4460 /* Debug */ = {
			isa = XCBuildConfiguration;
			buildSettings = {
				ALWAYS_EMBED_SWIFT_STANDARD_LIBRARIES = YES;
				BUNDLE_LOADER = "$(TEST_HOST)";
				CODE_SIGN_STYLE = Automatic;
				DEVELOPMENT_TEAM = LA5VLKT3SM;
				INFOPLIST_FILE = csci571hw9Tests/Info.plist;
				LD_RUNPATH_SEARCH_PATHS = (
					"$(inherited)",
					"@executable_path/Frameworks",
					"@loader_path/Frameworks",
				);
				PRODUCT_BUNDLE_IDENTIFIER = com.hanshany.csci571hw9Tests;
				PRODUCT_NAME = "$(TARGET_NAME)";
				SWIFT_VERSION = 4.0;
				TARGETED_DEVICE_FAMILY = "1,2";
				TEST_HOST = "$(BUILT_PRODUCTS_DIR)/csci571hw9.app/csci571hw9";
			};
			name = Debug;
		};
		C92B706B2089458C003E4460 /* Release */ = {
			isa = XCBuildConfiguration;
			buildSettings = {
				ALWAYS_EMBED_SWIFT_STANDARD_LIBRARIES = YES;
				BUNDLE_LOADER = "$(TEST_HOST)";
				CODE_SIGN_STYLE = Automatic;
				DEVELOPMENT_TEAM = LA5VLKT3SM;
				INFOPLIST_FILE = csci571hw9Tests/Info.plist;
				LD_RUNPATH_SEARCH_PATHS = (
					"$(inherited)",
					"@executable_path/Frameworks",
					"@loader_path/Frameworks",
				);
				PRODUCT_BUNDLE_IDENTIFIER = com.hanshany.csci571hw9Tests;
				PRODUCT_NAME = "$(TARGET_NAME)";
				SWIFT_VERSION = 4.0;
				TARGETED_DEVICE_FAMILY = "1,2";
				TEST_HOST = "$(BUILT_PRODUCTS_DIR)/csci571hw9.app/csci571hw9";
			};
			name = Release;
		};
		C92B706D2089458C003E4460 /* Debug */ = {
			isa = XCBuildConfiguration;
			buildSettings = {
				ALWAYS_EMBED_SWIFT_STANDARD_LIBRARIES = YES;
				CODE_SIGN_STYLE = Automatic;
				DEVELOPMENT_TEAM = LA5VLKT3SM;
				INFOPLIST_FILE = csci571hw9UITests/Info.plist;
				LD_RUNPATH_SEARCH_PATHS = (
					"$(inherited)",
					"@executable_path/Frameworks",
					"@loader_path/Frameworks",
				);
				PRODUCT_BUNDLE_IDENTIFIER = com.hanshany.csci571hw9UITests;
				PRODUCT_NAME = "$(TARGET_NAME)";
				SWIFT_VERSION = 4.0;
				TARGETED_DEVICE_FAMILY = "1,2";
				TEST_TARGET_NAME = csci571hw9;
			};
			name = Debug;
		};
		C92B706E2089458C003E4460 /* Release */ = {
			isa = XCBuildConfiguration;
			buildSettings = {
				ALWAYS_EMBED_SWIFT_STANDARD_LIBRARIES = YES;
				CODE_SIGN_STYLE = Automatic;
				DEVELOPMENT_TEAM = LA5VLKT3SM;
				INFOPLIST_FILE = csci571hw9UITests/Info.plist;
				LD_RUNPATH_SEARCH_PATHS = (
					"$(inherited)",
					"@executable_path/Frameworks",
					"@loader_path/Frameworks",
				);
				PRODUCT_BUNDLE_IDENTIFIER = com.hanshany.csci571hw9UITests;
				PRODUCT_NAME = "$(TARGET_NAME)";
				SWIFT_VERSION = 4.0;
				TARGETED_DEVICE_FAMILY = "1,2";
				TEST_TARGET_NAME = csci571hw9;
			};
			name = Release;
		};
/* End XCBuildConfiguration section */

/* Begin XCConfigurationList section */
		C92B70392089458B003E4460 /* Build configuration list for PBXProject "csci571hw9" */ = {
			isa = XCConfigurationList;
			buildConfigurations = (
				C92B70642089458C003E4460 /* Debug */,
				C92B70652089458C003E4460 /* Release */,
			);
			defaultConfigurationIsVisible = 0;
			defaultConfigurationName = Release;
		};
		C92B70662089458C003E4460 /* Build configuration list for PBXNativeTarget "csci571hw9" */ = {
			isa = XCConfigurationList;
			buildConfigurations = (
				C92B70672089458C003E4460 /* Debug */,
				C92B70682089458C003E4460 /* Release */,
			);
			defaultConfigurationIsVisible = 0;
			defaultConfigurationName = Release;
		};
		C92B70692089458C003E4460 /* Build configuration list for PBXNativeTarget "csci571hw9Tests" */ = {
			isa = XCConfigurationList;
			buildConfigurations = (
				C92B706A2089458C003E4460 /* Debug */,
				C92B706B2089458C003E4460 /* Release */,
			);
			defaultConfigurationIsVisible = 0;
			defaultConfigurationName = Release;
		};
		C92B706C2089458C003E4460 /* Build configuration list for PBXNativeTarget "csci571hw9UITests" */ = {
			isa = XCConfigurationList;
			buildConfigurations = (
				C92B706D2089458C003E4460 /* Debug */,
				C92B706E2089458C003E4460 /* Release */,
			);
			defaultConfigurationIsVisible = 0;
			defaultConfigurationName = Release;
		};
/* End XCConfigurationList section */
	};
	rootObject = C92B70362089458B003E4460 /* Project object */;
}
